
Microsoft Visual Studio Solution File, Format Version 12.00
# Visual Studio Version 16
VisualStudioVersion = 16.0.30309.148
MinimumVisualStudioVersion = 10.0.40219.1
Project("{9A19103F-16F7-4668-BE54-9A1E7A4F7556}") = "AVL Tree", "AVL Tree\AVL Tree.csproj", "{53392EFC-AE10-4E6A-B715-BE882B46D0E3}"
EndProject
Project("{FAE04EC0-301F-11D3-BF4B-00C04F79EFBC}") = "AVL.Tests", "AVL.Tests\AVL.Tests.csproj", "{CC7BD4BB-53A4-4830-977D-1AC1AA25E448}"
EndProject
Global
	GlobalSection(SolutionConfigurationPlatforms) = preSolution
		Debug|Any CPU = Debug|Any CPU
		Release|Any CPU = Release|Any CPU
	EndGlobalSection
	GlobalSection(ProjectConfigurationPlatforms) = postSolution
		{53392EFC-AE10-4E6A-B715-BE882B46D0E3}.Debug|Any CPU.ActiveCfg = Debug|Any CPU
		{53392EFC-AE10-4E6A-B715-BE882B46D0E3}.Debug|Any CPU.Build.0 = Debug|Any CPU
		{53392EFC-AE10-4E6A-B715-BE882B46D0E3}.Release|Any CPU.ActiveCfg = Release|Any CPU
		{53392EFC-AE10-4E6A-B715-BE882B46D0E3}.Release|Any CPU.Build.0 = Release|Any CPU
		{CC7BD4BB-53A4-4830-977D-1AC1AA25E448}.Debug|Any CPU.ActiveCfg = Debug|Any CPU
		{CC7BD4BB-53A4-4830-977D-1AC1AA25E448}.Debug|Any CPU.Build.0 = Debug|Any CPU
		{CC7BD4BB-53A4-4830-977D-1AC1AA25E448}.Release|Any CPU.ActiveCfg = Release|Any CPU
		{CC7BD4BB-53A4-4830-977D-1AC1AA25E448}.Release|Any CPU.Build.0 = Release|Any CPU
	EndGlobalSection
	GlobalSection(SolutionProperties) = preSolution
		HideSolutionNode = FALSE
	EndGlobalSection
	GlobalSection(ExtensibilityGlobals) = postSolution
		SolutionGuid = {59B4CE69-6664-4C7D-B4D7-0189BF544A73}
	EndGlobalSection
EndGlobal
